PODS:
  - Flutter (1.0.0)
  - integration_test (0.0.1):
    - Flutter

DEPENDENCIES:
  - Flutter (from `Flutter`)
  - integration_test (from `.symlinks/plugins/integration_test/ios`)

EXTERNAL SOURCES:
  Flutter:
    :path: Flutter
  integration_test:
    :path: ".symlinks/plugins/integration_test/ios"

SPEC CHECKSUMS:
  Flutter: 0e3d915762c693b495b44d77113d4970485de6ec
  integration_test: 2eb020233b8e225acd1edd9e80fdbc76029c1feb

PODFILE CHECKSUM: 497ad3f586807da156b3db94f20e97aacdaf37d8

COCOAPODS: 1.10.0
